<Solution>
  <Folder Name="/src/">
    <Project Path="src/GoldsrcSoundConverter.App/GoldsrcSoundConverter.App.csproj" />
    <Project Path="src/GoldsrcSoundConverter.Core/GoldsrcSoundConverter.Core.csproj" />
  </Folder>
  <Folder Name="/tests/">
    <Project Path="tests/GoldsrcSoundConverter.App.Tests/GoldsrcSoundConverter.App.Tests.csproj" />
    <Project Path="tests/GoldsrcSoundConverter.Core.Tests/GoldsrcSoundConverter.Core.Tests.csproj" />
  </Folder>
</Solution>
